
Microsoft Visual Studio Solution File, Format Version 12.00
# Visual Studio 15
VisualStudioVersion = 15.0.28307.572
MinimumVisualStudioVersion = 10.0.40219.1
Project("{FAE04EC0-301F-11D3-BF4B-00C04F79EFBC}") = "WebAppLab", "WebAppLab\WebAppLab.csproj", "{4D342936-556D-4CCC-B5D8-8585B29805CF}"
EndProject
Global
	GlobalSection(SolutionConfigurationPlatforms) = preSolution
		Debug|Any CPU = Debug|Any CPU
		Release|Any CPU = Release|Any CPU
	EndGlobalSection
	GlobalSection(ProjectConfigurationPlatforms) = postSolution
		{4D342936-556D-4CCC-B5D8-8585B29805CF}.Debug|Any CPU.ActiveCfg = Debug|Any CPU
		{4D342936-556D-4CCC-B5D8-8585B29805CF}.Debug|Any CPU.Build.0 = Debug|Any CPU
		{4D342936-556D-4CCC-B5D8-8585B29805CF}.Release|Any CPU.ActiveCfg = Release|Any CPU
		{4D342936-556D-4CCC-B5D8-8585B29805CF}.Release|Any CPU.Build.0 = Release|Any CPU
	EndGlobalSection
	GlobalSection(SolutionProperties) = preSolution
		HideSolutionNode = FALSE
	EndGlobalSection
	GlobalSection(ExtensibilityGlobals) = postSolution
		SolutionGuid = {53D59544-6782-416E-896E-2A2AF71D64B6}
	EndGlobalSection
EndGlobal
